
Microsoft Visual Studio Solution File, Format Version 12.00
# Visual Studio Version 16
VisualStudioVersion = 16.0.31624.102
MinimumVisualStudioVersion = 10.0.40219.1
Project("{FAE04EC0-301F-11D3-BF4B-00C04F79EFBC}") = "TokenJWT", "TokenJWT\TokenJWT.csproj", "{709A6108-8009-409B-9371-26AACBF0354B}"
EndProject
Global
	GlobalSection(SolutionConfigurationPlatforms) = preSolution
		Debug|Any CPU = Debug|Any CPU
		Release|Any CPU = Release|Any CPU
	EndGlobalSection
	GlobalSection(ProjectConfigurationPlatforms) = postSolution
		{709A6108-8009-409B-9371-26AACBF0354B}.Debug|Any CPU.ActiveCfg = Debug|Any CPU
		{709A6108-8009-409B-9371-26AACBF0354B}.Debug|Any CPU.Build.0 = Debug|Any CPU
		{709A6108-8009-409B-9371-26AACBF0354B}.Release|Any CPU.ActiveCfg = Release|Any CPU
		{709A6108-8009-409B-9371-26AACBF0354B}.Release|Any CPU.Build.0 = Release|Any CPU
	EndGlobalSection
	GlobalSection(SolutionProperties) = preSolution
		HideSolutionNode = FALSE
	EndGlobalSection
	GlobalSection(ExtensibilityGlobals) = postSolution
		SolutionGuid = {2CFA26AE-7AD8-49DE-9AC1-3846F5824FF4}
	EndGlobalSection
EndGlobal
